
Microsoft Visual Studio Solution File, Format Version 12.00
# Visual Studio 15
VisualStudioVersion = 15.0.26228.9
MinimumVisualStudioVersion = 10.0.40219.1
Project("{FAE04EC0-301F-11D3-BF4B-00C04F79EFBC}") = "RoadTex_MVC_Project", "RoadTex_MVC_Project\RoadTex_MVC_Project.csproj", "{0DE44467-8587-4361-A73A-D5F3CBEEEC1B}"
EndProject
Project("{FAE04EC0-301F-11D3-BF4B-00C04F79EFBC}") = "RoadTex_MVC_Project.Tests", "RoadTex_MVC_Project.Tests\RoadTex_MVC_Project.Tests.csproj", "{95A17522-4618-4D3A-84F6-65FEA31A14E7}"
EndProject
Global
	GlobalSection(SolutionConfigurationPlatforms) = preSolution
		Debug|Any CPU = Debug|Any CPU
		Release|Any CPU = Release|Any CPU
	EndGlobalSection
	GlobalSection(ProjectConfigurationPlatforms) = postSolution
		{0DE44467-8587-4361-A73A-D5F3CBEEEC1B}.Debug|Any CPU.ActiveCfg = Debug|Any CPU
		{0DE44467-8587-4361-A73A-D5F3CBEEEC1B}.Debug|Any CPU.Build.0 = Debug|Any CPU
		{0DE44467-8587-4361-A73A-D5F3CBEEEC1B}.Release|Any CPU.ActiveCfg = Release|Any CPU
		{0DE44467-8587-4361-A73A-D5F3CBEEEC1B}.Release|Any CPU.Build.0 = Release|Any CPU
		{95A17522-4618-4D3A-84F6-65FEA31A14E7}.Debug|Any CPU.ActiveCfg = Debug|Any CPU
		{95A17522-4618-4D3A-84F6-65FEA31A14E7}.Debug|Any CPU.Build.0 = Debug|Any CPU
		{95A17522-4618-4D3A-84F6-65FEA31A14E7}.Release|Any CPU.ActiveCfg = Release|Any CPU
		{95A17522-4618-4D3A-84F6-65FEA31A14E7}.Release|Any CPU.Build.0 = Release|Any CPU
	EndGlobalSection
	GlobalSection(SolutionProperties) = preSolution
		HideSolutionNode = FALSE
	EndGlobalSection
	GlobalSection(TeamFoundationVersionControl) = preSolution
		SccNumberOfProjects = 3
		SccEnterpriseProvider = {4CA58AB2-18FA-4F8D-95D4-32DDF27D184C}
		SccTeamFoundationServer = http://10.10.10.20:8080/tfs/summitworks
		SccLocalPath0 = .
		SccProjectUniqueName1 = RoadTex_MVC_Project.Tests\\RoadTex_MVC_Project.Tests.csproj
		SccProjectName1 = RoadTex_MVC_Project.Tests
		SccLocalPath1 = RoadTex_MVC_Project.Tests
		SccProjectUniqueName2 = RoadTex_MVC_Project\\RoadTex_MVC_Project.csproj
		SccProjectName2 = RoadTex_MVC_Project
		SccLocalPath2 = RoadTex_MVC_Project
	EndGlobalSection
EndGlobal
